dependencies:
- name: kibana
  repository: https://charts.bitnami.com/bitnami
  version: 10.4.4
- name: common
  repository: https://charts.bitnami.com/bitnami
  version: 2.6.0
digest: sha256:3b59ef828759d505c023a2c36ba4f7dcee1626f54ce0a0128d260f0e06b4b8d2
generated: "2023-07-08T16:32:14.295690088+05:30"
